
Microsoft Visual Studio Solution File, Format Version 12.00
# Visual Studio 15
VisualStudioVersion = 15.0.27428.2037
MinimumVisualStudioVersion = 10.0.40219.1
Project("{FAE04EC0-301F-11D3-BF4B-00C04F79EFBC}") = "BingVoiceSystem.Web", "BingVoiceSystem\BingVoiceSystem.Web.csproj", "{4508176E-AB03-4A9C-9DB4-3CEF9FABC378}"
EndProject
Global
	GlobalSection(SolutionConfigurationPlatforms) = preSolution
		Debug|Any CPU = Debug|Any CPU
		Release|Any CPU = Release|Any CPU
	EndGlobalSection
	GlobalSection(ProjectConfigurationPlatforms) = postSolution
		{4508176E-AB03-4A9C-9DB4-3CEF9FABC378}.Debug|Any CPU.ActiveCfg = Debug|Any CPU
		{4508176E-AB03-4A9C-9DB4-3CEF9FABC378}.Debug|Any CPU.Build.0 = Debug|Any CPU
		{4508176E-AB03-4A9C-9DB4-3CEF9FABC378}.Release|Any CPU.ActiveCfg = Release|Any CPU
		{4508176E-AB03-4A9C-9DB4-3CEF9FABC378}.Release|Any CPU.Build.0 = Release|Any CPU
	EndGlobalSection
	GlobalSection(SolutionProperties) = preSolution
		HideSolutionNode = FALSE
	EndGlobalSection
	GlobalSection(ExtensibilityGlobals) = postSolution
		SolutionGuid = {107124B8-6340-4C05-AB43-E2E4F5F51E46}
	EndGlobalSection
EndGlobal
